
Microsoft Visual Studio Solution File, Format Version 12.00
# Visual Studio Version 17
VisualStudioVersion = 17.8.34511.84
MinimumVisualStudioVersion = 10.0.40219.1
Project("{9A19103F-16F7-4668-BE54-9A1E7A4F7556}") = "CatLovers", "CatLovers\CatLovers.csproj", "{D2D99D1A-E40D-42D4-B3A4-0469802A08F1}"
EndProject
Project("{9A19103F-16F7-4668-BE54-9A1E7A4F7556}") = "CatLovers.Infrastructure", "CatLovers.Infrastructure\CatLovers.Infrastructure.csproj", "{B0B15E7C-F275-4498-BB72-06A72AE61DF2}"
EndProject
Project("{9A19103F-16F7-4668-BE54-9A1E7A4F7556}") = "CatLovers.Core", "Cat.Lovers.Core\CatLovers.Core.csproj", "{2FEA6583-67EE-4781-95EE-5E519049238D}"
EndProject
Project("{9A19103F-16F7-4668-BE54-9A1E7A4F7556}") = "CatLovers.Common", "Cat.Lovers.Common\CatLovers.Common.csproj", "{82610DE9-9ABD-4F54-8518-DA1A00244EB9}"
EndProject
Global
	GlobalSection(SolutionConfigurationPlatforms) = preSolution
		Debug|Any CPU = Debug|Any CPU
		Release|Any CPU = Release|Any CPU
	EndGlobalSection
	GlobalSection(ProjectConfigurationPlatforms) = postSolution
		{D2D99D1A-E40D-42D4-B3A4-0469802A08F1}.Debug|Any CPU.ActiveCfg = Debug|Any CPU
		{D2D99D1A-E40D-42D4-B3A4-0469802A08F1}.Debug|Any CPU.Build.0 = Debug|Any CPU
		{D2D99D1A-E40D-42D4-B3A4-0469802A08F1}.Release|Any CPU.ActiveCfg = Release|Any CPU
		{D2D99D1A-E40D-42D4-B3A4-0469802A08F1}.Release|Any CPU.Build.0 = Release|Any CPU
		{B0B15E7C-F275-4498-BB72-06A72AE61DF2}.Debug|Any CPU.ActiveCfg = Debug|Any CPU
		{B0B15E7C-F275-4498-BB72-06A72AE61DF2}.Debug|Any CPU.Build.0 = Debug|Any CPU
		{B0B15E7C-F275-4498-BB72-06A72AE61DF2}.Release|Any CPU.ActiveCfg = Release|Any CPU
		{B0B15E7C-F275-4498-BB72-06A72AE61DF2}.Release|Any CPU.Build.0 = Release|Any CPU
		{2FEA6583-67EE-4781-95EE-5E519049238D}.Debug|Any CPU.ActiveCfg = Debug|Any CPU
		{2FEA6583-67EE-4781-95EE-5E519049238D}.Debug|Any CPU.Build.0 = Debug|Any CPU
		{2FEA6583-67EE-4781-95EE-5E519049238D}.Release|Any CPU.ActiveCfg = Release|Any CPU
		{2FEA6583-67EE-4781-95EE-5E519049238D}.Release|Any CPU.Build.0 = Release|Any CPU
		{82610DE9-9ABD-4F54-8518-DA1A00244EB9}.Debug|Any CPU.ActiveCfg = Debug|Any CPU
		{82610DE9-9ABD-4F54-8518-DA1A00244EB9}.Debug|Any CPU.Build.0 = Debug|Any CPU
		{82610DE9-9ABD-4F54-8518-DA1A00244EB9}.Release|Any CPU.ActiveCfg = Release|Any CPU
		{82610DE9-9ABD-4F54-8518-DA1A00244EB9}.Release|Any CPU.Build.0 = Release|Any CPU
	EndGlobalSection
	GlobalSection(SolutionProperties) = preSolution
		HideSolutionNode = FALSE
	EndGlobalSection
	GlobalSection(ExtensibilityGlobals) = postSolution
		SolutionGuid = {9F8BB6AF-0B39-45B4-8902-598B37DB738D}
	EndGlobalSection
EndGlobal
