
Microsoft Visual Studio Solution File, Format Version 12.00
# Visual Studio Version 17
VisualStudioVersion = 17.8.34511.84
MinimumVisualStudioVersion = 10.0.40219.1
Project("{FAE04EC0-301F-11D3-BF4B-00C04F79EFBC}") = "MVCIntroDemo", "MVCIntroDemo\MVCIntroDemo.csproj", "{C3912346-715C-46F3-B5D2-8E5F6610E3D9}"
EndProject
Global
	GlobalSection(SolutionConfigurationPlatforms) = preSolution
		Debug|Any CPU = Debug|Any CPU
		Release|Any CPU = Release|Any CPU
	EndGlobalSection
	GlobalSection(ProjectConfigurationPlatforms) = postSolution
		{C3912346-715C-46F3-B5D2-8E5F6610E3D9}.Debug|Any CPU.ActiveCfg = Debug|Any CPU
		{C3912346-715C-46F3-B5D2-8E5F6610E3D9}.Debug|Any CPU.Build.0 = Debug|Any CPU
		{C3912346-715C-46F3-B5D2-8E5F6610E3D9}.Release|Any CPU.ActiveCfg = Release|Any CPU
		{C3912346-715C-46F3-B5D2-8E5F6610E3D9}.Release|Any CPU.Build.0 = Release|Any CPU
	EndGlobalSection
	GlobalSection(SolutionProperties) = preSolution
		HideSolutionNode = FALSE
	EndGlobalSection
	GlobalSection(ExtensibilityGlobals) = postSolution
		SolutionGuid = {BB1D29AF-56FC-49A7-BA77-110769D735FB}
	EndGlobalSection
EndGlobal
