
Microsoft Visual Studio Solution File, Format Version 12.00
# Visual Studio Version 17
VisualStudioVersion = 17.8.34511.84
MinimumVisualStudioVersion = 10.0.40219.1
Project("{FAE04EC0-301F-11D3-BF4B-00C04F79EFBC}") = "ChatApp", "ChatApp\ChatApp.csproj", "{569597FC-1FF8-4EA5-B6AC-313F6FD467D4}"
EndProject
Global
	GlobalSection(SolutionConfigurationPlatforms) = preSolution
		Debug|Any CPU = Debug|Any CPU
		Release|Any CPU = Release|Any CPU
	EndGlobalSection
	GlobalSection(ProjectConfigurationPlatforms) = postSolution
		{569597FC-1FF8-4EA5-B6AC-313F6FD467D4}.Debug|Any CPU.ActiveCfg = Debug|Any CPU
		{569597FC-1FF8-4EA5-B6AC-313F6FD467D4}.Debug|Any CPU.Build.0 = Debug|Any CPU
		{569597FC-1FF8-4EA5-B6AC-313F6FD467D4}.Release|Any CPU.ActiveCfg = Release|Any CPU
		{569597FC-1FF8-4EA5-B6AC-313F6FD467D4}.Release|Any CPU.Build.0 = Release|Any CPU
	EndGlobalSection
	GlobalSection(SolutionProperties) = preSolution
		HideSolutionNode = FALSE
	EndGlobalSection
	GlobalSection(ExtensibilityGlobals) = postSolution
		SolutionGuid = {4067ADAD-4C52-42FF-A95E-91DB995C5D11}
	EndGlobalSection
EndGlobal
