
Microsoft Visual Studio Solution File, Format Version 12.00
# Visual Studio Version 17
VisualStudioVersion = 17.8.34511.84
MinimumVisualStudioVersion = 10.0.40219.1
Project("{FAE04EC0-301F-11D3-BF4B-00C04F79EFBC}") = "MvcMovie", "MvcMovie\MvcMovie.csproj", "{F8558309-98F8-43DD-94FA-42919E4D0639}"
EndProject
Global
	GlobalSection(SolutionConfigurationPlatforms) = preSolution
		Debug|Any CPU = Debug|Any CPU
		Release|Any CPU = Release|Any CPU
	EndGlobalSection
	GlobalSection(ProjectConfigurationPlatforms) = postSolution
		{F8558309-98F8-43DD-94FA-42919E4D0639}.Debug|Any CPU.ActiveCfg = Debug|Any CPU
		{F8558309-98F8-43DD-94FA-42919E4D0639}.Debug|Any CPU.Build.0 = Debug|Any CPU
		{F8558309-98F8-43DD-94FA-42919E4D0639}.Release|Any CPU.ActiveCfg = Release|Any CPU
		{F8558309-98F8-43DD-94FA-42919E4D0639}.Release|Any CPU.Build.0 = Release|Any CPU
	EndGlobalSection
	GlobalSection(SolutionProperties) = preSolution
		HideSolutionNode = FALSE
	EndGlobalSection
	GlobalSection(ExtensibilityGlobals) = postSolution
		SolutionGuid = {4E2D1FC1-8280-45BD-A00C-6E117D6CE27A}
	EndGlobalSection
EndGlobal
